// !$*UTF8*$!
{
	archiveVersion = 1;
	classes = {
	};
	objectVersion = 56;
	objects = {

/* Begin PBXBuildFile section */
		C8519FC505CEC8F9AC3C3CB9 /* Pods_ChartsSample.framework in Frameworks */ = {isa = PBXBuildFile; fileRef = 50141DE09856042A23BAB7B4 /* Pods_ChartsSample.framework */; };
		F231E7F4296BD4B200A1BAF9 /* AppDelegate.swift in Sources */ = {isa = PBXBuildFile; fileRef = F231E7F3296BD4B200A1BAF9 /* AppDelegate.swift */; };
		F231E7F8296BD4B200A1BAF9 /* ViewController.swift in Sources */ = {isa = PBXBuildFile; fileRef = F231E7F7296BD4B200A1BAF9 /* ViewController.swift */; };
		F231E7FB296BD4B200A1BAF9 /* Main.storyboard in Resources */ = {isa = PBXBuildFile; fileRef = F231E7F9296BD4B200A1BAF9 /* Main.storyboard */; };
		F231E7FD296BD4B300A1BAF9 /* Assets.xcassets in Resources */ = {isa = PBXBuildFile; fileRef = F231E7FC296BD4B300A1BAF9 /* Assets.xcassets */; };
		F231E800296BD4B300A1BAF9 /* LaunchScreen.storyboard in Resources */ = {isa = PBXBuildFile; fileRef = F231E7FE296BD4B300A1BAF9 /* LaunchScreen.storyboard */; };
		F231E80B296BD81400A1BAF9 /* ChartsViewController.swift in Sources */ = {isa = PBXBuildFile; fileRef = F231E809296BD81400A1BAF9 /* ChartsViewController.swift */; };
		F231E80C296BD81400A1BAF9 /* ChartsViewController.xib in Resources */ = {isa = PBXBuildFile; fileRef = F231E80A296BD81400A1BAF9 /* ChartsViewController.xib */; };
		F231E811296BEA2B00A1BAF9 /* DemoBaseViewController.swift in Sources */ = {isa = PBXBuildFile; fileRef = F231E810296BEA2B00A1BAF9 /* DemoBaseViewController.swift */; };
		F231E814296BEA9F00A1BAF9 /* BalloonMarker.swift in Sources */ = {isa = PBXBuildFile; fileRef = F231E813296BEA9F00A1BAF9 /* BalloonMarker.swift */; };
/* End PBXBuildFile section */

/* Begin PBXFileReference section */
		3B334ABFC0326F8C833A6B86 /* Pods-ChartsSample.release.xcconfig */ = {isa = PBXFileReference; includeInIndex = 1; lastKnownFileType = text.xcconfig; name = "Pods-ChartsSample.release.xcconfig"; path = "Target Support Files/Pods-ChartsSample/Pods-ChartsSample.release.xcconfig"; sourceTree = "<group>"; };
		50141DE09856042A23BAB7B4 /* Pods_ChartsSample.framework */ = {isa = PBXFileReference; explicitFileType = wrapper.framework; includeInIndex = 0; path = Pods_ChartsSample.framework; sourceTree = BUILT_PRODUCTS_DIR; };
		A121C4585E0062F80A3F8AC4 /* Pods-ChartsSample.debug.xcconfig */ = {isa = PBXFileReference; includeInIndex = 1; lastKnownFileType = text.xcconfig; name = "Pods-ChartsSample.debug.xcconfig"; path = "Target Support Files/Pods-ChartsSample/Pods-ChartsSample.debug.xcconfig"; sourceTree = "<group>"; };
		F231E7F0296BD4B200A1BAF9 /* ChartsSample.app */ = {isa = PBXFileReference; explicitFileType = wrapper.application; includeInIndex = 0; path = ChartsSample.app; sourceTree = BUILT_PRODUCTS_DIR; };
		F231E7F3296BD4B200A1BAF9 /* AppDelegate.swift */ = {isa = PBXFileReference; lastKnownFileType = sourcecode.swift; path = AppDelegate.swift; sourceTree = "<group>"; };
		F231E7F7296BD4B200A1BAF9 /* ViewController.swift */ = {isa = PBXFileReference; lastKnownFileType = sourcecode.swift; path = ViewController.swift; sourceTree = "<group>"; };
		F231E7FA296BD4B200A1BAF9 /* Base */ = {isa = PBXFileReference; lastKnownFileType = file.storyboard; name = Base; path = Base.lproj/Main.storyboard; sourceTree = "<group>"; };
		F231E7FC296BD4B300A1BAF9 /* Assets.xcassets */ = {isa = PBXFileReference; lastKnownFileType = folder.assetcatalog; path = Assets.xcassets; sourceTree = "<group>"; };
		F231E7FF296BD4B300A1BAF9 /* Base */ = {isa = PBXFileReference; lastKnownFileType = file.storyboard; name = Base; path = Base.lproj/LaunchScreen.storyboard; sourceTree = "<group>"; };
		F231E801296BD4B300A1BAF9 /* Info.plist */ = {isa = PBXFileReference; lastKnownFileType = text.plist.xml; path = Info.plist; sourceTree = "<group>"; };
		F231E809296BD81400A1BAF9 /* ChartsViewController.swift */ = {isa = PBXFileReference; lastKnownFileType = sourcecode.swift; path = ChartsViewController.swift; sourceTree = "<group>"; };
		F231E80A296BD81400A1BAF9 /* ChartsViewController.xib */ = {isa = PBXFileReference; lastKnownFileType = file.xib; path = ChartsViewController.xib; sourceTree = "<group>"; };
		F231E810296BEA2B00A1BAF9 /* DemoBaseViewController.swift */ = {isa = PBXFileReference; fileEncoding = 4; lastKnownFileType = sourcecode.swift; path = DemoBaseViewController.swift; sourceTree = "<group>"; };
		F231E813296BEA9F00A1BAF9 /* BalloonMarker.swift */ = {isa = PBXFileReference; fileEncoding = 4; lastKnownFileType = sourcecode.swift; path = BalloonMarker.swift; sourceTree = "<group>"; };
/* End PBXFileReference section */

/* Begin PBXFrameworksBuildPhase section */
		F231E7ED296BD4B200A1BAF9 /* Frameworks */ = {
			isa = PBXFrameworksBuildPhase;
			buildActionMask = 2147483647;
			files = (
				C8519FC505CEC8F9AC3C3CB9 /* Pods_ChartsSample.framework in Frameworks */,
			);
			runOnlyForDeploymentPostprocessing = 0;
		};
/* End PBXFrameworksBuildPhase section */

/* Begin PBXGroup section */
		BEA1B9F2A51BDB417BE1C545 /* Frameworks */ = {
			isa = PBXGroup;
			children = (
				50141DE09856042A23BAB7B4 /* Pods_ChartsSample.framework */,
			);
			name = Frameworks;
			sourceTree = "<group>";
		};
		C6CF19C3703C4993EDCD4039 /* Pods */ = {
			isa = PBXGroup;
			children = (
				A121C4585E0062F80A3F8AC4 /* Pods-ChartsSample.debug.xcconfig */,
				3B334ABFC0326F8C833A6B86 /* Pods-ChartsSample.release.xcconfig */,
			);
			path = Pods;
			sourceTree = "<group>";
		};
		F231E7E7296BD4B200A1BAF9 = {
			isa = PBXGroup;
			children = (
				F231E7F2296BD4B200A1BAF9 /* ChartsSample */,
				F231E7F1296BD4B200A1BAF9 /* Products */,
				C6CF19C3703C4993EDCD4039 /* Pods */,
				BEA1B9F2A51BDB417BE1C545 /* Frameworks */,
			);
			sourceTree = "<group>";
		};
		F231E7F1296BD4B200A1BAF9 /* Products */ = {
			isa = PBXGroup;
			children = (
				F231E7F0296BD4B200A1BAF9 /* ChartsSample.app */,
			);
			name = Products;
			sourceTree = "<group>";
		};
		F231E7F2296BD4B200A1BAF9 /* ChartsSample */ = {
			isa = PBXGroup;
			children = (
				F231E807296BD7CF00A1BAF9 /* Views */,
				F231E7F3296BD4B200A1BAF9 /* AppDelegate.swift */,
				F231E7F7296BD4B200A1BAF9 /* ViewController.swift */,
				F231E7F9296BD4B200A1BAF9 /* Main.storyboard */,
				F231E7FC296BD4B300A1BAF9 /* Assets.xcassets */,
				F231E7FE296BD4B300A1BAF9 /* LaunchScreen.storyboard */,
				F231E801296BD4B300A1BAF9 /* Info.plist */,
			);
			path = ChartsSample;
			sourceTree = "<group>";
		};
		F231E807296BD7CF00A1BAF9 /* Views */ = {
			isa = PBXGroup;
			children = (
				F231E808296BD7E300A1BAF9 /* ChartsViews */,
			);
			path = Views;
			sourceTree = "<group>";
		};
		F231E808296BD7E300A1BAF9 /* ChartsViews */ = {
			isa = PBXGroup;
			children = (
				F231E812296BEA8B00A1BAF9 /* Components */,
				F231E810296BEA2B00A1BAF9 /* DemoBaseViewController.swift */,
				F231E809296BD81400A1BAF9 /* ChartsViewController.swift */,
				F231E80A296BD81400A1BAF9 /* ChartsViewController.xib */,
			);
			path = ChartsViews;
			sourceTree = "<group>";
		};
		F231E812296BEA8B00A1BAF9 /* Components */ = {
			isa = PBXGroup;
			children = (
				F231E813296BEA9F00A1BAF9 /* BalloonMarker.swift */,
			);
			path = Components;
			sourceTree = "<group>";
		};
/* End PBXGroup section */

/* Begin PBXNativeTarget section */
		F231E7EF296BD4B200A1BAF9 /* ChartsSample */ = {
			isa = PBXNativeTarget;
			buildConfigurationList = F231E804296BD4B300A1BAF9 /* Build configuration list for PBXNativeTarget "ChartsSample" */;
			buildPhases = (
				CE73173534927EC3DF4C3C76 /* [CP] Check Pods Manifest.lock */,
				F231E7EC296BD4B200A1BAF9 /* Sources */,
				F231E7ED296BD4B200A1BAF9 /* Frameworks */,
				F231E7EE296BD4B200A1BAF9 /* Resources */,
				F7AF27714DA4A7EADFB7A8AE /* [CP] Embed Pods Frameworks */,
			);
			buildRules = (
			);
			dependencies = (
			);
			name = ChartsSample;
			productName = ChartsSample;
			productReference = F231E7F0296BD4B200A1BAF9 /* ChartsSample.app */;
			productType = "com.apple.product-type.application";
		};
/* End PBXNativeTarget section */

/* Begin PBXProject section */
		F231E7E8296BD4B200A1BAF9 /* Project object */ = {
			isa = PBXProject;
			attributes = {
				BuildIndependentTargetsInParallel = 1;
				LastSwiftUpdateCheck = 1420;
				LastUpgradeCheck = 1420;
				TargetAttributes = {
					F231E7EF296BD4B200A1BAF9 = {
						CreatedOnToolsVersion = 14.2;
					};
				};
			};
			buildConfigurationList = F231E7EB296BD4B200A1BAF9 /* Build configuration list for PBXProject "ChartsSample" */;
			compatibilityVersion = "Xcode 14.0";
			developmentRegion = en;
			hasScannedForEncodings = 0;
			knownRegions = (
				en,
				Base,
			);
			mainGroup = F231E7E7296BD4B200A1BAF9;
			productRefGroup = F231E7F1296BD4B200A1BAF9 /* Products */;
			projectDirPath = "";
			projectRoot = "";
			targets = (
				F231E7EF296BD4B200A1BAF9 /* ChartsSample */,
			);
		};
/* End PBXProject section */

/* Begin PBXResourcesBuildPhase section */
		F231E7EE296BD4B200A1BAF9 /* Resources */ = {
			isa = PBXResourcesBuildPhase;
			buildActionMask = 2147483647;
			files = (
				F231E800296BD4B300A1BAF9 /* LaunchScreen.storyboard in Resources */,
				F231E80C296BD81400A1BAF9 /* ChartsViewController.xib in Resources */,
				F231E7FD296BD4B300A1BAF9 /* Assets.xcassets in Resources */,
				F231E7FB296BD4B200A1BAF9 /* Main.storyboard in Resources */,
			);
			runOnlyForDeploymentPostprocessing = 0;
		};
/* End PBXResourcesBuildPhase section */

/* Begin PBXShellScriptBuildPhase section */
		CE73173534927EC3DF4C3C76 /* [CP] Check Pods Manifest.lock */ = {
			isa = PBXShellScriptBuildPhase;
			buildActionMask = 2147483647;
			files = (
			);
			inputFileListPaths = (
			);
			inputPaths = (
				"${PODS_PODFILE_DIR_PATH}/Podfile.lock",
				"${PODS_ROOT}/Manifest.lock",
			);
			name = "[CP] Check Pods Manifest.lock";
			outputFileListPaths = (
			);
			outputPaths = (
				"$(DERIVED_FILE_DIR)/Pods-ChartsSample-checkManifestLockResult.txt",
			);
			runOnlyForDeploymentPostprocessing = 0;
			shellPath = /bin/sh;
			shellScript = "diff \"${PODS_PODFILE_DIR_PATH}/Podfile.lock\" \"${PODS_ROOT}/Manifest.lock\" > /dev/null\nif [ $? != 0 ] ; then\n    # print error to STDERR\n    echo \"error: The sandbox is not in sync with the Podfile.lock. Run 'pod install' or update your CocoaPods installation.\" >&2\n    exit 1\nfi\n# This output is used by Xcode 'outputs' to avoid re-running this script phase.\necho \"SUCCESS\" > \"${SCRIPT_OUTPUT_FILE_0}\"\n";
			showEnvVarsInLog = 0;
		};
		F7AF27714DA4A7EADFB7A8AE /* [CP] Embed Pods Frameworks */ = {
			isa = PBXShellScriptBuildPhase;
			buildActionMask = 2147483647;
			files = (
			);
			inputFileListPaths = (
				"${PODS_ROOT}/Target Support Files/Pods-ChartsSample/Pods-ChartsSample-frameworks-${CONFIGURATION}-input-files.xcfilelist",
			);
			name = "[CP] Embed Pods Frameworks";
			outputFileListPaths = (
				"${PODS_ROOT}/Target Support Files/Pods-ChartsSample/Pods-ChartsSample-frameworks-${CONFIGURATION}-output-files.xcfilelist",
			);
			runOnlyForDeploymentPostprocessing = 0;
			shellPath = /bin/sh;
			shellScript = "\"${PODS_ROOT}/Target Support Files/Pods-ChartsSample/Pods-ChartsSample-frameworks.sh\"\n";
			showEnvVarsInLog = 0;
		};
/* End PBXShellScriptBuildPhase section */

/* Begin PBXSourcesBuildPhase section */
		F231E7EC296BD4B200A1BAF9 /* Sources */ = {
			isa = PBXSourcesBuildPhase;
			buildActionMask = 2147483647;
			files = (
				F231E80B296BD81400A1BAF9 /* ChartsViewController.swift in Sources */,
				F231E7F8296BD4B200A1BAF9 /* ViewController.swift in Sources */,
				F231E811296BEA2B00A1BAF9 /* DemoBaseViewController.swift in Sources */,
				F231E7F4296BD4B200A1BAF9 /* AppDelegate.swift in Sources */,
				F231E814296BEA9F00A1BAF9 /* BalloonMarker.swift in Sources */,
			);
			runOnlyForDeploymentPostprocessing = 0;
		};
/* End PBXSourcesBuildPhase section */

/* Begin PBXVariantGroup section */
		F231E7F9296BD4B200A1BAF9 /* Main.storyboard */ = {
			isa = PBXVariantGroup;
			children = (
				F231E7FA296BD4B200A1BAF9 /* Base */,
			);
			name = Main.storyboard;
			sourceTree = "<group>";
		};
		F231E7FE296BD4B300A1BAF9 /* LaunchScreen.storyboard */ = {
			isa = PBXVariantGroup;
			children = (
				F231E7FF296BD4B300A1BAF9 /* Base */,
			);
			name = LaunchScreen.storyboard;
			sourceTree = "<group>";
		};
/* End PBXVariantGroup section */

/* Begin XCBuildConfiguration section */
		F231E802296BD4B300A1BAF9 /* Debug */ = {
			isa = XCBuildConfiguration;
			buildSettings = {
				ALWAYS_SEARCH_USER_PATHS = NO;
				CLANG_ANALYZER_NONNULL = YES;
				CLANG_ANALYZER_NUMBER_OBJECT_CONVERSION = YES_AGGRESSIVE;
				CLANG_CXX_LANGUAGE_STANDARD = "gnu++20";
				CLANG_ENABLE_MODULES = YES;
				CLANG_ENABLE_OBJC_ARC = YES;
				CLANG_ENABLE_OBJC_WEAK = YES;
				CLANG_WARN_BLOCK_CAPTURE_AUTORELEASING = YES;
				CLANG_WARN_BOOL_CONVERSION = YES;
				CLANG_WARN_COMMA = YES;
				CLANG_WARN_CONSTANT_CONVERSION = YES;
				CLANG_WARN_DEPRECATED_OBJC_IMPLEMENTATIONS = YES;
				CLANG_WARN_DIRECT_OBJC_ISA_USAGE = YES_ERROR;
				CLANG_WARN_DOCUMENTATION_COMMENTS = YES;
				CLANG_WARN_EMPTY_BODY = YES;
				CLANG_WARN_ENUM_CONVERSION = YES;
				CLANG_WARN_INFINITE_RECURSION = YES;
				CLANG_WARN_INT_CONVERSION = YES;
				CLANG_WARN_NON_LITERAL_NULL_CONVERSION = YES;
				CLANG_WARN_OBJC_IMPLICIT_RETAIN_SELF = YES;
				CLANG_WARN_OBJC_LITERAL_CONVERSION = YES;
				CLANG_WARN_OBJC_ROOT_CLASS = YES_ERROR;
				CLANG_WARN_QUOTED_INCLUDE_IN_FRAMEWORK_HEADER = YES;
				CLANG_WARN_RANGE_LOOP_ANALYSIS = YES;
				CLANG_WARN_STRICT_PROTOTYPES = YES;
				CLANG_WARN_SUSPICIOUS_MOVE = YES;
				CLANG_WARN_UNGUARDED_AVAILABILITY = YES_AGGRESSIVE;
				CLANG_WARN_UNREACHABLE_CODE = YES;
				CLANG_WARN__DUPLICATE_METHOD_MATCH = YES;
				COPY_PHASE_STRIP = NO;
				DEBUG_INFORMATION_FORMAT = dwarf;
				ENABLE_STRICT_OBJC_MSGSEND = YES;
				ENABLE_TESTABILITY = YES;
				GCC_C_LANGUAGE_STANDARD = gnu11;
				GCC_DYNAMIC_NO_PIC = NO;
				GCC_NO_COMMON_BLOCKS = YES;
				GCC_OPTIMIZATION_LEVEL = 0;
				GCC_PREPROCESSOR_DEFINITIONS = (
					"DEBUG=1",
					"$(inherited)",
				);
				GCC_WARN_64_TO_32_BIT_CONVERSION = YES;
				GCC_WARN_ABOUT_RETURN_TYPE = YES_ERROR;
				GCC_WARN_UNDECLARED_SELECTOR = YES;
				GCC_WARN_UNINITIALIZED_AUTOS = YES_AGGRESSIVE;
				GCC_WARN_UNUSED_FUNCTION = YES;
				GCC_WARN_UNUSED_VARIABLE = YES;
				IPHONEOS_DEPLOYMENT_TARGET = 16.2;
				MTL_ENABLE_DEBUG_INFO = INCLUDE_SOURCE;
				MTL_FAST_MATH = YES;
				ONLY_ACTIVE_ARCH = YES;
				SDKROOT = iphoneos;
				SWIFT_ACTIVE_COMPILATION_CONDITIONS = DEBUG;
				SWIFT_OPTIMIZATION_LEVEL = "-Onone";
			};
			name = Debug;
		};
		F231E803296BD4B300A1BAF9 /* Release */ = {
			isa = XCBuildConfiguration;
			buildSettings = {
				ALWAYS_SEARCH_USER_PATHS = NO;
				CLANG_ANALYZER_NONNULL = YES;
				CLANG_ANALYZER_NUMBER_OBJECT_CONVERSION = YES_AGGRESSIVE;
				CLANG_CXX_LANGUAGE_STANDARD = "gnu++20";
				CLANG_ENABLE_MODULES = YES;
				CLANG_ENABLE_OBJC_ARC = YES;
				CLANG_ENABLE_OBJC_WEAK = YES;
				CLANG_WARN_BLOCK_CAPTURE_AUTORELEASING = YES;
				CLANG_WARN_BOOL_CONVERSION = YES;
				CLANG_WARN_COMMA = YES;
				CLANG_WARN_CONSTANT_CONVERSION = YES;
				CLANG_WARN_DEPRECATED_OBJC_IMPLEMENTATIONS = YES;
				CLANG_WARN_DIRECT_OBJC_ISA_USAGE = YES_ERROR;
				CLANG_WARN_DOCUMENTATION_COMMENTS = YES;
				CLANG_WARN_EMPTY_BODY = YES;
				CLANG_WARN_ENUM_CONVERSION = YES;
				CLANG_WARN_INFINITE_RECURSION = YES;
				CLANG_WARN_INT_CONVERSION = YES;
				CLANG_WARN_NON_LITERAL_NULL_CONVERSION = YES;
				CLANG_WARN_OBJC_IMPLICIT_RETAIN_SELF = YES;
				CLANG_WARN_OBJC_LITERAL_CONVERSION = YES;
				CLANG_WARN_OBJC_ROOT_CLASS = YES_ERROR;
				CLANG_WARN_QUOTED_INCLUDE_IN_FRAMEWORK_HEADER = YES;
				CLANG_WARN_RANGE_LOOP_ANALYSIS = YES;
				CLANG_WARN_STRICT_PROTOTYPES = YES;
				CLANG_WARN_SUSPICIOUS_MOVE = YES;
				CLANG_WARN_UNGUARDED_AVAILABILITY = YES_AGGRESSIVE;
				CLANG_WARN_UNREACHABLE_CODE = YES;
				CLANG_WARN__DUPLICATE_METHOD_MATCH = YES;
				COPY_PHASE_STRIP = NO;
				DEBUG_INFORMATION_FORMAT = "dwarf-with-dsym";
				ENABLE_NS_ASSERTIONS = NO;
				ENABLE_STRICT_OBJC_MSGSEND = YES;
				GCC_C_LANGUAGE_STANDARD = gnu11;
				GCC_NO_COMMON_BLOCKS = YES;
				GCC_WARN_64_TO_32_BIT_CONVERSION = YES;
				GCC_WARN_ABOUT_RETURN_TYPE = YES_ERROR;
				GCC_WARN_UNDECLARED_SELECTOR = YES;
				GCC_WARN_UNINITIALIZED_AUTOS = YES_AGGRESSIVE;
				GCC_WARN_UNUSED_FUNCTION = YES;
				GCC_WARN_UNUSED_VARIABLE = YES;
				IPHONEOS_DEPLOYMENT_TARGET = 16.2;
				MTL_ENABLE_DEBUG_INFO = NO;
				MTL_FAST_MATH = YES;
				SDKROOT = iphoneos;
				SWIFT_COMPILATION_MODE = wholemodule;
				SWIFT_OPTIMIZATION_LEVEL = "-O";
				VALIDATE_PRODUCT = YES;
			};
			name = Release;
		};
		F231E805296BD4B300A1BAF9 /* Debug */ = {
			isa = XCBuildConfiguration;
			baseConfigurationReference = A121C4585E0062F80A3F8AC4 /* Pods-ChartsSample.debug.xcconfig */;
			buildSettings = {
				ASSETCATALOG_COMPILER_APPICON_NAME = AppIcon;
				ASSETCATALOG_COMPILER_GLOBAL_ACCENT_COLOR_NAME = AccentColor;
				CODE_SIGN_STYLE = Automatic;
				CURRENT_PROJECT_VERSION = 1;
				GENERATE_INFOPLIST_FILE = YES;
				INFOPLIST_FILE = ChartsSample/Info.plist;
				INFOPLIST_KEY_UIApplicationSupportsIndirectInputEvents = YES;
				INFOPLIST_KEY_UILaunchStoryboardName = LaunchScreen;
				INFOPLIST_KEY_UIMainStoryboardFile = Main;
				INFOPLIST_KEY_UISupportedInterfaceOrientations_iPad = "UIInterfaceOrientationPortrait UIInterfaceOrientationPortraitUpsideDown UIInterfaceOrientationLandscapeLeft UIInterfaceOrientationLandscapeRight";
				INFOPLIST_KEY_UISupportedInterfaceOrientations_iPhone = "UIInterfaceOrientationPortrait UIInterfaceOrientationLandscapeLeft UIInterfaceOrientationLandscapeRight";
				LD_RUNPATH_SEARCH_PATHS = (
					"$(inherited)",
					"@executable_path/Frameworks",
				);
				MARKETING_VERSION = 1.0;
				PRODUCT_BUNDLE_IDENTIFIER = com.pnx.ChartsSample;
				PRODUCT_NAME = "$(TARGET_NAME)";
				SWIFT_EMIT_LOC_STRINGS = YES;
				SWIFT_VERSION = 5.0;
				TARGETED_DEVICE_FAMILY = "1,2";
			};
			name = Debug;
		};
		F231E806296BD4B300A1BAF9 /* Release */ = {
			isa = XCBuildConfiguration;
			baseConfigurationReference = 3B334ABFC0326F8C833A6B86 /* Pods-ChartsSample.release.xcconfig */;
			buildSettings = {
				ASSETCATALOG_COMPILER_APPICON_NAME = AppIcon;
				ASSETCATALOG_COMPILER_GLOBAL_ACCENT_COLOR_NAME = AccentColor;
				CODE_SIGN_STYLE = Automatic;
				CURRENT_PROJECT_VERSION = 1;
				GENERATE_INFOPLIST_FILE = YES;
				INFOPLIST_FILE = ChartsSample/Info.plist;
				INFOPLIST_KEY_UIApplicationSupportsIndirectInputEvents = YES;
				INFOPLIST_KEY_UILaunchStoryboardName = LaunchScreen;
				INFOPLIST_KEY_UIMainStoryboardFile = Main;
				INFOPLIST_KEY_UISupportedInterfaceOrientations_iPad = "UIInterfaceOrientationPortrait UIInterfaceOrientationPortraitUpsideDown UIInterfaceOrientationLandscapeLeft UIInterfaceOrientationLandscapeRight";
				INFOPLIST_KEY_UISupportedInterfaceOrientations_iPhone = "UIInterfaceOrientationPortrait UIInterfaceOrientationLandscapeLeft UIInterfaceOrientationLandscapeRight";
				LD_RUNPATH_SEARCH_PATHS = (
					"$(inherited)",
					"@executable_path/Frameworks",
				);
				MARKETING_VERSION = 1.0;
				PRODUCT_BUNDLE_IDENTIFIER = com.pnx.ChartsSample;
				PRODUCT_NAME = "$(TARGET_NAME)";
				SWIFT_EMIT_LOC_STRINGS = YES;
				SWIFT_VERSION = 5.0;
				TARGETED_DEVICE_FAMILY = "1,2";
			};
			name = Release;
		};
/* End XCBuildConfiguration section */

/* Begin XCConfigurationList section */
		F231E7EB296BD4B200A1BAF9 /* Build configuration list for PBXProject "ChartsSample" */ = {
			isa = XCConfigurationList;
			buildConfigurations = (
				F231E802296BD4B300A1BAF9 /* Debug */,
				F231E803296BD4B300A1BAF9 /* Release */,
			);
			defaultConfigurationIsVisible = 0;
			defaultConfigurationName = Release;
		};
		F231E804296BD4B300A1BAF9 /* Build configuration list for PBXNativeTarget "ChartsSample" */ = {
			isa = XCConfigurationList;
			buildConfigurations = (
				F231E805296BD4B300A1BAF9 /* Debug */,
				F231E806296BD4B300A1BAF9 /* Release */,
			);
			defaultConfigurationIsVisible = 0;
			defaultConfigurationName = Release;
		};
/* End XCConfigurationList section */
	};
	rootObject = F231E7E8296BD4B200A1BAF9 /* Project object */;
}
